
Microsoft Visual Studio Solution File, Format Version 12.00
# Visual Studio Version 17
VisualStudioVersion = 17.4.33122.133
MinimumVisualStudioVersion = 10.0.40219.1
Project("{FAE04EC0-301F-11D3-BF4B-00C04F79EFBC}") = "RinhaBackend", "RinhaBackend\RinhaBackend.csproj", "{B2B44B5B-6FE6-4F25-9D04-32F6CE60133E}"
EndProject
Project("{FAE04EC0-301F-11D3-BF4B-00C04F79EFBC}") = "RinhaBackend.Domain", "RinhaBackend.Domain\RinhaBackend.Domain.csproj", "{ADBA2A43-F116-45CC-B5EB-71F3340717D3}"
EndProject
Global
	GlobalSection(SolutionConfigurationPlatforms) = preSolution
		Debug|Any CPU = Debug|Any CPU
		Release|Any CPU = Release|Any CPU
	EndGlobalSection
	GlobalSection(ProjectConfigurationPlatforms) = postSolution
		{B2B44B5B-6FE6-4F25-9D04-32F6CE60133E}.Debug|Any CPU.ActiveCfg = Debug|Any CPU
		{B2B44B5B-6FE6-4F25-9D04-32F6CE60133E}.Debug|Any CPU.Build.0 = Debug|Any CPU
		{B2B44B5B-6FE6-4F25-9D04-32F6CE60133E}.Release|Any CPU.ActiveCfg = Release|Any CPU
		{B2B44B5B-6FE6-4F25-9D04-32F6CE60133E}.Release|Any CPU.Build.0 = Release|Any CPU
		{ADBA2A43-F116-45CC-B5EB-71F3340717D3}.Debug|Any CPU.ActiveCfg = Debug|Any CPU
		{ADBA2A43-F116-45CC-B5EB-71F3340717D3}.Debug|Any CPU.Build.0 = Debug|Any CPU
		{ADBA2A43-F116-45CC-B5EB-71F3340717D3}.Release|Any CPU.ActiveCfg = Release|Any CPU
		{ADBA2A43-F116-45CC-B5EB-71F3340717D3}.Release|Any CPU.Build.0 = Release|Any CPU
	EndGlobalSection
	GlobalSection(SolutionProperties) = preSolution
		HideSolutionNode = FALSE
	EndGlobalSection
	GlobalSection(ExtensibilityGlobals) = postSolution
		SolutionGuid = {6B275EF6-51F6-415E-96E5-88A6FFBF8764}
	EndGlobalSection
EndGlobal
